// !$*UTF8*$!
{
	archiveVersion = 1;
	classes = {
	};
	objectVersion = 46;
	objects = {

/* Begin PBXBuildFile section */
		503E53E51E286B3100EE69F7 /* AppDelegate.swift in Sources */ = {isa = PBXBuildFile; fileRef = 503E53E41E286B3100EE69F7 /* AppDelegate.swift */; };
		503E53E71E286B3100EE69F7 /* ViewController.swift in Sources */ = {isa = PBXBuildFile; fileRef = 503E53E61E286B3100EE69F7 /* ViewController.swift */; };
		503E53EA1E286B3100EE69F7 /* Main.storyboard in Resources */ = {isa = PBXBuildFile; fileRef = 503E53E81E286B3100EE69F7 /* Main.storyboard */; };
		503E53EC1E286B3100EE69F7 /* Assets.xcassets in Resources */ = {isa = PBXBuildFile; fileRef = 503E53EB1E286B3100EE69F7 /* Assets.xcassets */; };
		503E53EF1E286B3100EE69F7 /* LaunchScreen.storyboard in Resources */ = {isa = PBXBuildFile; fileRef = 503E53ED1E286B3100EE69F7 /* LaunchScreen.storyboard */; };
/* End PBXBuildFile section */

/* Begin PBXFileReference section */
		503E53E11E286B3100EE69F7 /* CCVideoCodeDemo.app */ = {isa = PBXFileReference; explicitFileType = wrapper.application; includeInIndex = 0; path = CCVideoCodeDemo.app; sourceTree = BUILT_PRODUCTS_DIR; };
		503E53E41E286B3100EE69F7 /* AppDelegate.swift */ = {isa = PBXFileReference; lastKnownFileType = sourcecode.swift; path = AppDelegate.swift; sourceTree = "<group>"; };
		503E53E61E286B3100EE69F7 /* ViewController.swift */ = {isa = PBXFileReference; lastKnownFileType = sourcecode.swift; path = ViewController.swift; sourceTree = "<group>"; };
		503E53E91E286B3100EE69F7 /* Base */ = {isa = PBXFileReference; lastKnownFileType = file.storyboard; name = Base; path = Base.lproj/Main.storyboard; sourceTree = "<group>"; };
		503E53EB1E286B3100EE69F7 /* Assets.xcassets */ = {isa = PBXFileReference; lastKnownFileType = folder.assetcatalog; path = Assets.xcassets; sourceTree = "<group>"; };
		503E53EE1E286B3100EE69F7 /* Base */ = {isa = PBXFileReference; lastKnownFileType = file.storyboard; name = Base; path = Base.lproj/LaunchScreen.storyboard; sourceTree = "<group>"; };
		503E53F01E286B3100EE69F7 /* Info.plist */ = {isa = PBXFileReference; lastKnownFileType = text.plist.xml; path = Info.plist; sourceTree = "<group>"; };
/* End PBXFileReference section */

/* Begin PBXFrameworksBuildPhase section */
		503E53DE1E286B3100EE69F7 /* Frameworks */ = {
			isa = PBXFrameworksBuildPhase;
			buildActionMask = 2147483647;
			files = (
			);
			runOnlyForDeploymentPostprocessing = 0;
		};
/* End PBXFrameworksBuildPhase section */

/* Begin PBXGroup section */
		503E53D81E286B3100EE69F7 = {
			isa = PBXGroup;
			children = (
				503E53E31E286B3100EE69F7 /* CCVideoCodeDemo */,
				503E53E21E286B3100EE69F7 /* Products */,
			);
			sourceTree = "<group>";
		};
		503E53E21E286B3100EE69F7 /* Products */ = {
			isa = PBXGroup;
			children = (
				503E53E11E286B3100EE69F7 /* CCVideoCodeDemo.app */,
			);
			name = Products;
			sourceTree = "<group>";
		};
		503E53E31E286B3100EE69F7 /* CCVideoCodeDemo */ = {
			isa = PBXGroup;
			children = (
				503E53E41E286B3100EE69F7 /* AppDelegate.swift */,
				503E53E61E286B3100EE69F7 /* ViewController.swift */,
				503E53E81E286B3100EE69F7 /* Main.storyboard */,
				503E53EB1E286B3100EE69F7 /* Assets.xcassets */,
				503E53ED1E286B3100EE69F7 /* LaunchScreen.storyboard */,
				503E53F01E286B3100EE69F7 /* Info.plist */,
			);
			path = CCVideoCodeDemo;
			sourceTree = "<group>";
		};
/* End PBXGroup section */

/* Begin PBXNativeTarget section */
		503E53E01E286B3100EE69F7 /* CCVideoCodeDemo */ = {
			isa = PBXNativeTarget;
			buildConfigurationList = 503E53F31E286B3100EE69F7 /* Build configuration list for PBXNativeTarget "CCVideoCodeDemo" */;
			buildPhases = (
				503E53DD1E286B3100EE69F7 /* Sources */,
				503E53DE1E286B3100EE69F7 /* Frameworks */,
				503E53DF1E286B3100EE69F7 /* Resources */,
			);
			buildRules = (
			);
			dependencies = (
			);
			name = CCVideoCodeDemo;
			productName = CCVideoCodeDemo;
			productReference = 503E53E11E286B3100EE69F7 /* CCVideoCodeDemo.app */;
			productType = "com.apple.product-type.application";
		};
/* End PBXNativeTarget section */

/* Begin PBXProject section */
		503E53D91E286B3100EE69F7 /* Project object */ = {
			isa = PBXProject;
			attributes = {
				LastSwiftUpdateCheck = 0820;
				LastUpgradeCheck = 0820;
				ORGANIZATIONNAME = ZhangOliver;
				TargetAttributes = {
					503E53E01E286B3100EE69F7 = {
						CreatedOnToolsVersion = 8.2.1;
						DevelopmentTeam = 9B3EA5ZLRB;
						ProvisioningStyle = Automatic;
					};
				};
			};
			buildConfigurationList = 503E53DC1E286B3100EE69F7 /* Build configuration list for PBXProject "CCVideoCodeDemo" */;
			compatibilityVersion = "Xcode 3.2";
			developmentRegion = English;
			hasScannedForEncodings = 0;
			knownRegions = (
				en,
				Base,
			);
			mainGroup = 503E53D81E286B3100EE69F7;
			productRefGroup = 503E53E21E286B3100EE69F7 /* Products */;
			projectDirPath = "";
			projectRoot = "";
			targets = (
				503E53E01E286B3100EE69F7 /* CCVideoCodeDemo */,
			);
		};
/* End PBXProject section */

/* Begin PBXResourcesBuildPhase section */
		503E53DF1E286B3100EE69F7 /* Resources */ = {
			isa = PBXResourcesBuildPhase;
			buildActionMask = 2147483647;
			files = (
				503E53EF1E286B3100EE69F7 /* LaunchScreen.storyboard in Resources */,
				503E53EC1E286B3100EE69F7 /* Assets.xcassets in Resources */,
				503E53EA1E286B3100EE69F7 /* Main.storyboard in Resources */,
			);
			runOnlyForDeploymentPostprocessing = 0;
		};
/* End PBXResourcesBuildPhase section */

/* Begin PBXSourcesBuildPhase section */
		503E53DD1E286B3100EE69F7 /* Sources */ = {
			isa = PBXSourcesBuildPhase;
			buildActionMask = 2147483647;
			files = (
				503E53E71E286B3100EE69F7 /* ViewController.swift in Sources */,
				503E53E51E286B3100EE69F7 /* AppDelegate.swift in Sources */,
			);
			runOnlyForDeploymentPostprocessing = 0;
		};
/* End PBXSourcesBuildPhase section */

/* Begin PBXVariantGroup section */
		503E53E81E286B3100EE69F7 /* Main.storyboard */ = {
			isa = PBXVariantGroup;
			children = (
				503E53E91E286B3100EE69F7 /* Base */,
			);
			name = Main.storyboard;
			sourceTree = "<group>";
		};
		503E53ED1E286B3100EE69F7 /* LaunchScreen.storyboard */ = {
			isa = PBXVariantGroup;
			children = (
				503E53EE1E286B3100EE69F7 /* Base */,
			);
			name = LaunchScreen.storyboard;
			sourceTree = "<group>";
		};
/* End PBXVariantGroup section */

/* Begin XCBuildConfiguration section */
		503E53F11E286B3100EE69F7 /* Debug */ = {
			isa = XCBuildConfiguration;
			buildSettings = {
				ALWAYS_SEARCH_USER_PATHS = NO;
				CLANG_ANALYZER_NONNULL = YES;
				CLANG_CXX_LANGUAGE_STANDARD = "gnu++0x";
				CLANG_CXX_LIBRARY = "libc++";
				CLANG_ENABLE_MODULES = YES;
				CLANG_ENABLE_OBJC_ARC = YES;
				CLANG_WARN_BOOL_CONVERSION = YES;
				CLANG_WARN_CONSTANT_CONVERSION = YES;
				CLANG_WARN_DIRECT_OBJC_ISA_USAGE = YES_ERROR;
				CLANG_WARN_DOCUMENTATION_COMMENTS = YES;
				CLANG_WARN_EMPTY_BODY = YES;
				CLANG_WARN_ENUM_CONVERSION = YES;
				CLANG_WARN_INFINITE_RECURSION = YES;
				CLANG_WARN_INT_CONVERSION = YES;
				CLANG_WARN_OBJC_ROOT_CLASS = YES_ERROR;
				CLANG_WARN_SUSPICIOUS_MOVE = YES;
				CLANG_WARN_UNREACHABLE_CODE = YES;
				CLANG_WARN__DUPLICATE_METHOD_MATCH = YES;
				"CODE_SIGN_IDENTITY[sdk=iphoneos*]" = "iPhone Developer";
				COPY_PHASE_STRIP = NO;
				DEBUG_INFORMATION_FORMAT = dwarf;
				ENABLE_STRICT_OBJC_MSGSEND = YES;
				ENABLE_TESTABILITY = YES;
				GCC_C_LANGUAGE_STANDARD = gnu99;
				GCC_DYNAMIC_NO_PIC = NO;
				GCC_NO_COMMON_BLOCKS = YES;
				GCC_OPTIMIZATION_LEVEL = 0;
				GCC_PREPROCESSOR_DEFINITIONS = (
					"DEBUG=1",
					"$(inherited)",
				);
				GCC_WARN_64_TO_32_BIT_CONVERSION = YES;
				GCC_WARN_ABOUT_RETURN_TYPE = YES_ERROR;
				GCC_WARN_UNDECLARED_SELECTOR = YES;
				GCC_WARN_UNINITIALIZED_AUTOS = YES_AGGRESSIVE;
				GCC_WARN_UNUSED_FUNCTION = YES;
				GCC_WARN_UNUSED_VARIABLE = YES;
				IPHONEOS_DEPLOYMENT_TARGET = 10.2;
				MTL_ENABLE_DEBUG_INFO = YES;
				ONLY_ACTIVE_ARCH = YES;
				SDKROOT = iphoneos;
				SWIFT_ACTIVE_COMPILATION_CONDITIONS = DEBUG;
				SWIFT_OPTIMIZATION_LEVEL = "-Onone";
				TARGETED_DEVICE_FAMILY = "1,2";
			};
			name = Debug;
		};
		503E53F21E286B3100EE69F7 /* Release */ = {
			isa = XCBuildConfiguration;
			buildSettings = {
				ALWAYS_SEARCH_USER_PATHS = NO;
				CLANG_ANALYZER_NONNULL = YES;
				CLANG_CXX_LANGUAGE_STANDARD = "gnu++0x";
				CLANG_CXX_LIBRARY = "libc++";
				CLANG_ENABLE_MODULES = YES;
				CLANG_ENABLE_OBJC_ARC = YES;
				CLANG_WARN_BOOL_CONVERSION = YES;
				CLANG_WARN_CONSTANT_CONVERSION = YES;
				CLANG_WARN_DIRECT_OBJC_ISA_USAGE = YES_ERROR;
				CLANG_WARN_DOCUMENTATION_COMMENTS = YES;
				CLANG_WARN_EMPTY_BODY = YES;
				CLANG_WARN_ENUM_CONVERSION = YES;
				CLANG_WARN_INFINITE_RECURSION = YES;
				CLANG_WARN_INT_CONVERSION = YES;
				CLANG_WARN_OBJC_ROOT_CLASS = YES_ERROR;
				CLANG_WARN_SUSPICIOUS_MOVE = YES;
				CLANG_WARN_UNREACHABLE_CODE = YES;
				CLANG_WARN__DUPLICATE_METHOD_MATCH = YES;
				"CODE_SIGN_IDENTITY[sdk=iphoneos*]" = "iPhone Developer";
				COPY_PHASE_STRIP = NO;
				DEBUG_INFORMATION_FORMAT = "dwarf-with-dsym";
				ENABLE_NS_ASSERTIONS = NO;
				ENABLE_STRICT_OBJC_MSGSEND = YES;
				GCC_C_LANGUAGE_STANDARD = gnu99;
				GCC_NO_COMMON_BLOCKS = YES;
				GCC_WARN_64_TO_32_BIT_CONVERSION = YES;
				GCC_WARN_ABOUT_RETURN_TYPE = YES_ERROR;
				GCC_WARN_UNDECLARED_SELECTOR = YES;
				GCC_WARN_UNINITIALIZED_AUTOS = YES_AGGRESSIVE;
				GCC_WARN_UNUSED_FUNCTION = YES;
				GCC_WARN_UNUSED_VARIABLE = YES;
				IPHONEOS_DEPLOYMENT_TARGET = 10.2;
				MTL_ENABLE_DEBUG_INFO = NO;
				SDKROOT = iphoneos;
				SWIFT_OPTIMIZATION_LEVEL = "-Owholemodule";
				TARGETED_DEVICE_FAMILY = "1,2";
				VALIDATE_PRODUCT = YES;
			};
			name = Release;
		};
		503E53F41E286B3100EE69F7 /* Debug */ = {
			isa = XCBuildConfiguration;
			buildSettings = {
				ASSETCATALOG_COMPILER_APPICON_NAME = AppIcon;
				DEVELOPMENT_TEAM = 9B3EA5ZLRB;
				INFOPLIST_FILE = CCVideoCodeDemo/Info.plist;
				LD_RUNPATH_SEARCH_PATHS = "$(inherited) @executable_path/Frameworks";
				PRODUCT_BUNDLE_IDENTIFIER = com.ft.ftchinese.training.webapp.CCVideoCodeDemo;
				PRODUCT_NAME = "$(TARGET_NAME)";
				SWIFT_VERSION = 3.0;
			};
			name = Debug;
		};
		503E53F51E286B3100EE69F7 /* Release */ = {
			isa = XCBuildConfiguration;
			buildSettings = {
				ASSETCATALOG_COMPILER_APPICON_NAME = AppIcon;
				DEVELOPMENT_TEAM = 9B3EA5ZLRB;
				INFOPLIST_FILE = CCVideoCodeDemo/Info.plist;
				LD_RUNPATH_SEARCH_PATHS = "$(inherited) @executable_path/Frameworks";
				PRODUCT_BUNDLE_IDENTIFIER = com.ft.ftchinese.training.webapp.CCVideoCodeDemo;
				PRODUCT_NAME = "$(TARGET_NAME)";
				SWIFT_VERSION = 3.0;
			};
			name = Release;
		};
/* End XCBuildConfiguration section */

/* Begin XCConfigurationList section */
		503E53DC1E286B3100EE69F7 /* Build configuration list for PBXProject "CCVideoCodeDemo" */ = {
			isa = XCConfigurationList;
			buildConfigurations = (
				503E53F11E286B3100EE69F7 /* Debug */,
				503E53F21E286B3100EE69F7 /* Release */,
			);
			defaultConfigurationIsVisible = 0;
			defaultConfigurationName = Release;
		};
		503E53F31E286B3100EE69F7 /* Build configuration list for PBXNativeTarget "CCVideoCodeDemo" */ = {
			isa = XCConfigurationList;
			buildConfigurations = (
				503E53F41E286B3100EE69F7 /* Debug */,
				503E53F51E286B3100EE69F7 /* Release */,
			);
			defaultConfigurationIsVisible = 0;
		};
/* End XCConfigurationList section */
	};
	rootObject = 503E53D91E286B3100EE69F7 /* Project object */;
}
